
Microsoft Visual Studio Solution File, Format Version 12.00
# Visual Studio Version 17
VisualStudioVersion = 17.3.32811.315
MinimumVisualStudioVersion = 10.0.40219.1
Project("{FAE04EC0-301F-11D3-BF4B-00C04F79EFBC}") = "Lista3PR2", "Lista3PR2\Lista3PR2.csproj", "{F7FBC732-9870-4F83-AB18-BA60F8EEC9FD}"
EndProject
Global
	GlobalSection(SolutionConfigurationPlatforms) = preSolution
		Debug|Any CPU = Debug|Any CPU
		Release|Any CPU = Release|Any CPU
	EndGlobalSection
	GlobalSection(ProjectConfigurationPlatforms) = postSolution
		{F7FBC732-9870-4F83-AB18-BA60F8EEC9FD}.Debug|Any CPU.ActiveCfg = Debug|Any CPU
		{F7FBC732-9870-4F83-AB18-BA60F8EEC9FD}.Debug|Any CPU.Build.0 = Debug|Any CPU
		{F7FBC732-9870-4F83-AB18-BA60F8EEC9FD}.Release|Any CPU.ActiveCfg = Release|Any CPU
		{F7FBC732-9870-4F83-AB18-BA60F8EEC9FD}.Release|Any CPU.Build.0 = Release|Any CPU
	EndGlobalSection
	GlobalSection(SolutionProperties) = preSolution
		HideSolutionNode = FALSE
	EndGlobalSection
	GlobalSection(ExtensibilityGlobals) = postSolution
		SolutionGuid = {A1A72471-3D47-45FB-AC6F-1EAA1E67AD6C}
	EndGlobalSection
EndGlobal
